# IF THERE'S A GIT CONFLICT IN THIS FILE, DON'T SOLVE IT MANUALLY!
# INSTEAD EXECUTE `prisma migrate fix`
# Prisma Migrate lockfile v1
# Read more about conflict resolution here: TODO

20200505195906-init
20200505200209-removeuser
20200505200520-makeunique
20200505202754-makeuniquetext
20200505203343-removeuniquetext